// !$*UTF8*$!
{
	archiveVersion = 1;
	classes = {
	};
	objectVersion = 50;
	objects = {

/* Begin PBXBuildFile section */
		28FB5D8F2705B7FE0022351D /* AppDelegate.swift in Sources */ = {isa = PBXBuildFile; fileRef = 28FB5D8E2705B7FE0022351D /* AppDelegate.swift */; };
		28FB5D912705B7FE0022351D /* SceneDelegate.swift in Sources */ = {isa = PBXBuildFile; fileRef = 28FB5D902705B7FE0022351D /* SceneDelegate.swift */; };
		28FB5D932705B7FE0022351D /* ViewController.swift in Sources */ = {isa = PBXBuildFile; fileRef = 28FB5D922705B7FE0022351D /* ViewController.swift */; };
		28FB5D962705B7FE0022351D /* Main.storyboard in Resources */ = {isa = PBXBuildFile; fileRef = 28FB5D942705B7FE0022351D /* Main.storyboard */; };
		28FB5D992705B7FE0022351D /* PhoneCalling.xcdatamodeld in Sources */ = {isa = PBXBuildFile; fileRef = 28FB5D972705B7FE0022351D /* PhoneCalling.xcdatamodeld */; };
		28FB5D9B2705B8080022351D /* Assets.xcassets in Resources */ = {isa = PBXBuildFile; fileRef = 28FB5D9A2705B8080022351D /* Assets.xcassets */; };
		28FB5D9E2705B8080022351D /* LaunchScreen.storyboard in Resources */ = {isa = PBXBuildFile; fileRef = 28FB5D9C2705B8080022351D /* LaunchScreen.storyboard */; };
		28FB5DA92705B8080022351D /* PhoneCallingTests.swift in Sources */ = {isa = PBXBuildFile; fileRef = 28FB5DA82705B8080022351D /* PhoneCallingTests.swift */; };
		28FB5DB42705B8080022351D /* PhoneCallingUITests.swift in Sources */ = {isa = PBXBuildFile; fileRef = 28FB5DB32705B8080022351D /* PhoneCallingUITests.swift */; };
/* End PBXBuildFile section */

/* Begin PBXContainerItemProxy section */
		28FB5DA52705B8080022351D /* PBXContainerItemProxy */ = {
			isa = PBXContainerItemProxy;
			containerPortal = 28FB5D832705B7FE0022351D /* Project object */;
			proxyType = 1;
			remoteGlobalIDString = 28FB5D8A2705B7FE0022351D;
			remoteInfo = PhoneCalling;
		};
		28FB5DB02705B8080022351D /* PBXContainerItemProxy */ = {
			isa = PBXContainerItemProxy;
			containerPortal = 28FB5D832705B7FE0022351D /* Project object */;
			proxyType = 1;
			remoteGlobalIDString = 28FB5D8A2705B7FE0022351D;
			remoteInfo = PhoneCalling;
		};
/* End PBXContainerItemProxy section */

/* Begin PBXFileReference section */
		28FB5D8B2705B7FE0022351D /* PhoneCalling.app */ = {isa = PBXFileReference; explicitFileType = wrapper.application; includeInIndex = 0; path = PhoneCalling.app; sourceTree = BUILT_PRODUCTS_DIR; };
		28FB5D8E2705B7FE0022351D /* AppDelegate.swift */ = {isa = PBXFileReference; lastKnownFileType = sourcecode.swift; path = AppDelegate.swift; sourceTree = "<group>"; };
		28FB5D902705B7FE0022351D /* SceneDelegate.swift */ = {isa = PBXFileReference; lastKnownFileType = sourcecode.swift; path = SceneDelegate.swift; sourceTree = "<group>"; };
		28FB5D922705B7FE0022351D /* ViewController.swift */ = {isa = PBXFileReference; lastKnownFileType = sourcecode.swift; path = ViewController.swift; sourceTree = "<group>"; };
		28FB5D952705B7FE0022351D /* Base */ = {isa = PBXFileReference; lastKnownFileType = file.storyboard; name = Base; path = Base.lproj/Main.storyboard; sourceTree = "<group>"; };
		28FB5D982705B7FE0022351D /* PhoneCalling.xcdatamodel */ = {isa = PBXFileReference; lastKnownFileType = wrapper.xcdatamodel; path = PhoneCalling.xcdatamodel; sourceTree = "<group>"; };
		28FB5D9A2705B8080022351D /* Assets.xcassets */ = {isa = PBXFileReference; lastKnownFileType = folder.assetcatalog; path = Assets.xcassets; sourceTree = "<group>"; };
		28FB5D9D2705B8080022351D /* Base */ = {isa = PBXFileReference; lastKnownFileType = file.storyboard; name = Base; path = Base.lproj/LaunchScreen.storyboard; sourceTree = "<group>"; };
		28FB5D9F2705B8080022351D /* Info.plist */ = {isa = PBXFileReference; lastKnownFileType = text.plist.xml; path = Info.plist; sourceTree = "<group>"; };
		28FB5DA42705B8080022351D /* PhoneCallingTests.xctest */ = {isa = PBXFileReference; explicitFileType = wrapper.cfbundle; includeInIndex = 0; path = PhoneCallingTests.xctest; sourceTree = BUILT_PRODUCTS_DIR; };
		28FB5DA82705B8080022351D /* PhoneCallingTests.swift */ = {isa = PBXFileReference; lastKnownFileType = sourcecode.swift; path = PhoneCallingTests.swift; sourceTree = "<group>"; };
		28FB5DAA2705B8080022351D /* Info.plist */ = {isa = PBXFileReference; lastKnownFileType = text.plist.xml; path = Info.plist; sourceTree = "<group>"; };
		28FB5DAF2705B8080022351D /* PhoneCallingUITests.xctest */ = {isa = PBXFileReference; explicitFileType = wrapper.cfbundle; includeInIndex = 0; path = PhoneCallingUITests.xctest; sourceTree = BUILT_PRODUCTS_DIR; };
		28FB5DB32705B8080022351D /* PhoneCallingUITests.swift */ = {isa = PBXFileReference; lastKnownFileType = sourcecode.swift; path = PhoneCallingUITests.swift; sourceTree = "<group>"; };
		28FB5DB52705B8080022351D /* Info.plist */ = {isa = PBXFileReference; lastKnownFileType = text.plist.xml; path = Info.plist; sourceTree = "<group>"; };
/* End PBXFileReference section */

/* Begin PBXFrameworksBuildPhase section */
		28FB5D882705B7FE0022351D /* Frameworks */ = {
			isa = PBXFrameworksBuildPhase;
			buildActionMask = 2147483647;
			files = (
			);
			runOnlyForDeploymentPostprocessing = 0;
		};
		28FB5DA12705B8080022351D /* Frameworks */ = {
			isa = PBXFrameworksBuildPhase;
			buildActionMask = 2147483647;
			files = (
			);
			runOnlyForDeploymentPostprocessing = 0;
		};
		28FB5DAC2705B8080022351D /* Frameworks */ = {
			isa = PBXFrameworksBuildPhase;
			buildActionMask = 2147483647;
			files = (
			);
			runOnlyForDeploymentPostprocessing = 0;
		};
/* End PBXFrameworksBuildPhase section */

/* Begin PBXGroup section */
		28FB5D822705B7FE0022351D = {
			isa = PBXGroup;
			children = (
				28FB5D8D2705B7FE0022351D /* PhoneCalling */,
				28FB5DA72705B8080022351D /* PhoneCallingTests */,
				28FB5DB22705B8080022351D /* PhoneCallingUITests */,
				28FB5D8C2705B7FE0022351D /* Products */,
			);
			sourceTree = "<group>";
		};
		28FB5D8C2705B7FE0022351D /* Products */ = {
			isa = PBXGroup;
			children = (
				28FB5D8B2705B7FE0022351D /* PhoneCalling.app */,
				28FB5DA42705B8080022351D /* PhoneCallingTests.xctest */,
				28FB5DAF2705B8080022351D /* PhoneCallingUITests.xctest */,
			);
			name = Products;
			sourceTree = "<group>";
		};
		28FB5D8D2705B7FE0022351D /* PhoneCalling */ = {
			isa = PBXGroup;
			children = (
				28FB5D8E2705B7FE0022351D /* AppDelegate.swift */,
				28FB5D902705B7FE0022351D /* SceneDelegate.swift */,
				28FB5D922705B7FE0022351D /* ViewController.swift */,
				28FB5D942705B7FE0022351D /* Main.storyboard */,
				28FB5D9A2705B8080022351D /* Assets.xcassets */,
				28FB5D9C2705B8080022351D /* LaunchScreen.storyboard */,
				28FB5D9F2705B8080022351D /* Info.plist */,
				28FB5D972705B7FE0022351D /* PhoneCalling.xcdatamodeld */,
			);
			path = PhoneCalling;
			sourceTree = "<group>";
		};
		28FB5DA72705B8080022351D /* PhoneCallingTests */ = {
			isa = PBXGroup;
			children = (
				28FB5DA82705B8080022351D /* PhoneCallingTests.swift */,
				28FB5DAA2705B8080022351D /* Info.plist */,
			);
			path = PhoneCallingTests;
			sourceTree = "<group>";
		};
		28FB5DB22705B8080022351D /* PhoneCallingUITests */ = {
			isa = PBXGroup;
			children = (
				28FB5DB32705B8080022351D /* PhoneCallingUITests.swift */,
				28FB5DB52705B8080022351D /* Info.plist */,
			);
			path = PhoneCallingUITests;
			sourceTree = "<group>";
		};
/* End PBXGroup section */

/* Begin PBXNativeTarget section */
		28FB5D8A2705B7FE0022351D /* PhoneCalling */ = {
			isa = PBXNativeTarget;
			buildConfigurationList = 28FB5DB82705B8080022351D /* Build configuration list for PBXNativeTarget "PhoneCalling" */;
			buildPhases = (
				28FB5D872705B7FE0022351D /* Sources */,
				28FB5D882705B7FE0022351D /* Frameworks */,
				28FB5D892705B7FE0022351D /* Resources */,
			);
			buildRules = (
			);
			dependencies = (
			);
			name = PhoneCalling;
			productName = PhoneCalling;
			productReference = 28FB5D8B2705B7FE0022351D /* PhoneCalling.app */;
			productType = "com.apple.product-type.application";
		};
		28FB5DA32705B8080022351D /* PhoneCallingTests */ = {
			isa = PBXNativeTarget;
			buildConfigurationList = 28FB5DBB2705B8080022351D /* Build configuration list for PBXNativeTarget "PhoneCallingTests" */;
			buildPhases = (
				28FB5DA02705B8080022351D /* Sources */,
				28FB5DA12705B8080022351D /* Frameworks */,
				28FB5DA22705B8080022351D /* Resources */,
			);
			buildRules = (
			);
			dependencies = (
				28FB5DA62705B8080022351D /* PBXTargetDependency */,
			);
			name = PhoneCallingTests;
			productName = PhoneCallingTests;
			productReference = 28FB5DA42705B8080022351D /* PhoneCallingTests.xctest */;
			productType = "com.apple.product-type.bundle.unit-test";
		};
		28FB5DAE2705B8080022351D /* PhoneCallingUITests */ = {
			isa = PBXNativeTarget;
			buildConfigurationList = 28FB5DBE2705B8080022351D /* Build configuration list for PBXNativeTarget "PhoneCallingUITests" */;
			buildPhases = (
				28FB5DAB2705B8080022351D /* Sources */,
				28FB5DAC2705B8080022351D /* Frameworks */,
				28FB5DAD2705B8080022351D /* Resources */,
			);
			buildRules = (
			);
			dependencies = (
				28FB5DB12705B8080022351D /* PBXTargetDependency */,
			);
			name = PhoneCallingUITests;
			productName = PhoneCallingUITests;
			productReference = 28FB5DAF2705B8080022351D /* PhoneCallingUITests.xctest */;
			productType = "com.apple.product-type.bundle.ui-testing";
		};
/* End PBXNativeTarget section */

/* Begin PBXProject section */
		28FB5D832705B7FE0022351D /* Project object */ = {
			isa = PBXProject;
			attributes = {
				LastSwiftUpdateCheck = 1230;
				LastUpgradeCheck = 1230;
				TargetAttributes = {
					28FB5D8A2705B7FE0022351D = {
						CreatedOnToolsVersion = 12.3;
					};
					28FB5DA32705B8080022351D = {
						CreatedOnToolsVersion = 12.3;
						TestTargetID = 28FB5D8A2705B7FE0022351D;
					};
					28FB5DAE2705B8080022351D = {
						CreatedOnToolsVersion = 12.3;
						TestTargetID = 28FB5D8A2705B7FE0022351D;
					};
				};
			};
			buildConfigurationList = 28FB5D862705B7FE0022351D /* Build configuration list for PBXProject "PhoneCalling" */;
			compatibilityVersion = "Xcode 9.3";
			developmentRegion = en;
			hasScannedForEncodings = 0;
			knownRegions = (
				en,
				Base,
			);
			mainGroup = 28FB5D822705B7FE0022351D;
			productRefGroup = 28FB5D8C2705B7FE0022351D /* Products */;
			projectDirPath = "";
			projectRoot = "";
			targets = (
				28FB5D8A2705B7FE0022351D /* PhoneCalling */,
				28FB5DA32705B8080022351D /* PhoneCallingTests */,
				28FB5DAE2705B8080022351D /* PhoneCallingUITests */,
			);
		};
/* End PBXProject section */

/* Begin PBXResourcesBuildPhase section */
		28FB5D892705B7FE0022351D /* Resources */ = {
			isa = PBXResourcesBuildPhase;
			buildActionMask = 2147483647;
			files = (
				28FB5D9E2705B8080022351D /* LaunchScreen.storyboard in Resources */,
				28FB5D9B2705B8080022351D /* Assets.xcassets in Resources */,
				28FB5D962705B7FE0022351D /* Main.storyboard in Resources */,
			);
			runOnlyForDeploymentPostprocessing = 0;
		};
		28FB5DA22705B8080022351D /* Resources */ = {
			isa = PBXResourcesBuildPhase;
			buildActionMask = 2147483647;
			files = (
			);
			runOnlyForDeploymentPostprocessing = 0;
		};
		28FB5DAD2705B8080022351D /* Resources */ = {
			isa = PBXResourcesBuildPhase;
			buildActionMask = 2147483647;
			files = (
			);
			runOnlyForDeploymentPostprocessing = 0;
		};
/* End PBXResourcesBuildPhase section */

/* Begin PBXSourcesBuildPhase section */
		28FB5D872705B7FE0022351D /* Sources */ = {
			isa = PBXSourcesBuildPhase;
			buildActionMask = 2147483647;
			files = (
				28FB5D932705B7FE0022351D /* ViewController.swift in Sources */,
				28FB5D992705B7FE0022351D /* PhoneCalling.xcdatamodeld in Sources */,
				28FB5D8F2705B7FE0022351D /* AppDelegate.swift in Sources */,
				28FB5D912705B7FE0022351D /* SceneDelegate.swift in Sources */,
			);
			runOnlyForDeploymentPostprocessing = 0;
		};
		28FB5DA02705B8080022351D /* Sources */ = {
			isa = PBXSourcesBuildPhase;
			buildActionMask = 2147483647;
			files = (
				28FB5DA92705B8080022351D /* PhoneCallingTests.swift in Sources */,
			);
			runOnlyForDeploymentPostprocessing = 0;
		};
		28FB5DAB2705B8080022351D /* Sources */ = {
			isa = PBXSourcesBuildPhase;
			buildActionMask = 2147483647;
			files = (
				28FB5DB42705B8080022351D /* PhoneCallingUITests.swift in Sources */,
			);
			runOnlyForDeploymentPostprocessing = 0;
		};
/* End PBXSourcesBuildPhase section */

/* Begin PBXTargetDependency section */
		28FB5DA62705B8080022351D /* PBXTargetDependency */ = {
			isa = PBXTargetDependency;
			target = 28FB5D8A2705B7FE0022351D /* PhoneCalling */;
			targetProxy = 28FB5DA52705B8080022351D /* PBXContainerItemProxy */;
		};
		28FB5DB12705B8080022351D /* PBXTargetDependency */ = {
			isa = PBXTargetDependency;
			target = 28FB5D8A2705B7FE0022351D /* PhoneCalling */;
			targetProxy = 28FB5DB02705B8080022351D /* PBXContainerItemProxy */;
		};
/* End PBXTargetDependency section */

/* Begin PBXVariantGroup section */
		28FB5D942705B7FE0022351D /* Main.storyboard */ = {
			isa = PBXVariantGroup;
			children = (
				28FB5D952705B7FE0022351D /* Base */,
			);
			name = Main.storyboard;
			sourceTree = "<group>";
		};
		28FB5D9C2705B8080022351D /* LaunchScreen.storyboard */ = {
			isa = PBXVariantGroup;
			children = (
				28FB5D9D2705B8080022351D /* Base */,
			);
			name = LaunchScreen.storyboard;
			sourceTree = "<group>";
		};
/* End PBXVariantGroup section */

/* Begin XCBuildConfiguration section */
		28FB5DB62705B8080022351D /* Debug */ = {
			isa = XCBuildConfiguration;
			buildSettings = {
				ALWAYS_SEARCH_USER_PATHS = NO;
				CLANG_ANALYZER_NONNULL = YES;
				CLANG_ANALYZER_NUMBER_OBJECT_CONVERSION = YES_AGGRESSIVE;
				CLANG_CXX_LANGUAGE_STANDARD = "gnu++14";
				CLANG_CXX_LIBRARY = "libc++";
				CLANG_ENABLE_MODULES = YES;
				CLANG_ENABLE_OBJC_ARC = YES;
				CLANG_ENABLE_OBJC_WEAK = YES;
				CLANG_WARN_BLOCK_CAPTURE_AUTORELEASING = YES;
				CLANG_WARN_BOOL_CONVERSION = YES;
				CLANG_WARN_COMMA = YES;
				CLANG_WARN_CONSTANT_CONVERSION = YES;
				CLANG_WARN_DEPRECATED_OBJC_IMPLEMENTATIONS = YES;
				CLANG_WARN_DIRECT_OBJC_ISA_USAGE = YES_ERROR;
				CLANG_WARN_DOCUMENTATION_COMMENTS = YES;
				CLANG_WARN_EMPTY_BODY = YES;
				CLANG_WARN_ENUM_CONVERSION = YES;
				CLANG_WARN_INFINITE_RECURSION = YES;
				CLANG_WARN_INT_CONVERSION = YES;
				CLANG_WARN_NON_LITERAL_NULL_CONVERSION = YES;
				CLANG_WARN_OBJC_IMPLICIT_RETAIN_SELF = YES;
				CLANG_WARN_OBJC_LITERAL_CONVERSION = YES;
				CLANG_WARN_OBJC_ROOT_CLASS = YES_ERROR;
				CLANG_WARN_QUOTED_INCLUDE_IN_FRAMEWORK_HEADER = YES;
				CLANG_WARN_RANGE_LOOP_ANALYSIS = YES;
				CLANG_WARN_STRICT_PROTOTYPES = YES;
				CLANG_WARN_SUSPICIOUS_MOVE = YES;
				CLANG_WARN_UNGUARDED_AVAILABILITY = YES_AGGRESSIVE;
				CLANG_WARN_UNREACHABLE_CODE = YES;
				CLANG_WARN__DUPLICATE_METHOD_MATCH = YES;
				COPY_PHASE_STRIP = NO;
				DEBUG_INFORMATION_FORMAT = dwarf;
				ENABLE_STRICT_OBJC_MSGSEND = YES;
				ENABLE_TESTABILITY = YES;
				GCC_C_LANGUAGE_STANDARD = gnu11;
				GCC_DYNAMIC_NO_PIC = NO;
				GCC_NO_COMMON_BLOCKS = YES;
				GCC_OPTIMIZATION_LEVEL = 0;
				GCC_PREPROCESSOR_DEFINITIONS = (
					"DEBUG=1",
					"$(inherited)",
				);
				GCC_WARN_64_TO_32_BIT_CONVERSION = YES;
				GCC_WARN_ABOUT_RETURN_TYPE = YES_ERROR;
				GCC_WARN_UNDECLARED_SELECTOR = YES;
				GCC_WARN_UNINITIALIZED_AUTOS = YES_AGGRESSIVE;
				GCC_WARN_UNUSED_FUNCTION = YES;
				GCC_WARN_UNUSED_VARIABLE = YES;
				IPHONEOS_DEPLOYMENT_TARGET = 14.3;
				MTL_ENABLE_DEBUG_INFO = INCLUDE_SOURCE;
				MTL_FAST_MATH = YES;
				ONLY_ACTIVE_ARCH = YES;
				SDKROOT = iphoneos;
				SWIFT_ACTIVE_COMPILATION_CONDITIONS = DEBUG;
				SWIFT_OPTIMIZATION_LEVEL = "-Onone";
			};
			name = Debug;
		};
		28FB5DB72705B8080022351D /* Release */ = {
			isa = XCBuildConfiguration;
			buildSettings = {
				ALWAYS_SEARCH_USER_PATHS = NO;
				CLANG_ANALYZER_NONNULL = YES;
				CLANG_ANALYZER_NUMBER_OBJECT_CONVERSION = YES_AGGRESSIVE;
				CLANG_CXX_LANGUAGE_STANDARD = "gnu++14";
				CLANG_CXX_LIBRARY = "libc++";
				CLANG_ENABLE_MODULES = YES;
				CLANG_ENABLE_OBJC_ARC = YES;
				CLANG_ENABLE_OBJC_WEAK = YES;
				CLANG_WARN_BLOCK_CAPTURE_AUTORELEASING = YES;
				CLANG_WARN_BOOL_CONVERSION = YES;
				CLANG_WARN_COMMA = YES;
				CLANG_WARN_CONSTANT_CONVERSION = YES;
				CLANG_WARN_DEPRECATED_OBJC_IMPLEMENTATIONS = YES;
				CLANG_WARN_DIRECT_OBJC_ISA_USAGE = YES_ERROR;
				CLANG_WARN_DOCUMENTATION_COMMENTS = YES;
				CLANG_WARN_EMPTY_BODY = YES;
				CLANG_WARN_ENUM_CONVERSION = YES;
				CLANG_WARN_INFINITE_RECURSION = YES;
				CLANG_WARN_INT_CONVERSION = YES;
				CLANG_WARN_NON_LITERAL_NULL_CONVERSION = YES;
				CLANG_WARN_OBJC_IMPLICIT_RETAIN_SELF = YES;
				CLANG_WARN_OBJC_LITERAL_CONVERSION = YES;
				CLANG_WARN_OBJC_ROOT_CLASS = YES_ERROR;
				CLANG_WARN_QUOTED_INCLUDE_IN_FRAMEWORK_HEADER = YES;
				CLANG_WARN_RANGE_LOOP_ANALYSIS = YES;
				CLANG_WARN_STRICT_PROTOTYPES = YES;
				CLANG_WARN_SUSPICIOUS_MOVE = YES;
				CLANG_WARN_UNGUARDED_AVAILABILITY = YES_AGGRESSIVE;
				CLANG_WARN_UNREACHABLE_CODE = YES;
				CLANG_WARN__DUPLICATE_METHOD_MATCH = YES;
				COPY_PHASE_STRIP = NO;
				DEBUG_INFORMATION_FORMAT = "dwarf-with-dsym";
				ENABLE_NS_ASSERTIONS = NO;
				ENABLE_STRICT_OBJC_MSGSEND = YES;
				GCC_C_LANGUAGE_STANDARD = gnu11;
				GCC_NO_COMMON_BLOCKS = YES;
				GCC_WARN_64_TO_32_BIT_CONVERSION = YES;
				GCC_WARN_ABOUT_RETURN_TYPE = YES_ERROR;
				GCC_WARN_UNDECLARED_SELECTOR = YES;
				GCC_WARN_UNINITIALIZED_AUTOS = YES_AGGRESSIVE;
				GCC_WARN_UNUSED_FUNCTION = YES;
				GCC_WARN_UNUSED_VARIABLE = YES;
				IPHONEOS_DEPLOYMENT_TARGET = 14.3;
				MTL_ENABLE_DEBUG_INFO = NO;
				MTL_FAST_MATH = YES;
				SDKROOT = iphoneos;
				SWIFT_COMPILATION_MODE = wholemodule;
				SWIFT_OPTIMIZATION_LEVEL = "-O";
				VALIDATE_PRODUCT = YES;
			};
			name = Release;
		};
		28FB5DB92705B8080022351D /* Debug */ = {
			isa = XCBuildConfiguration;
			buildSettings = {
				ASSETCATALOG_COMPILER_APPICON_NAME = AppIcon;
				ASSETCATALOG_COMPILER_GLOBAL_ACCENT_COLOR_NAME = AccentColor;
				CODE_SIGN_STYLE = Automatic;
				INFOPLIST_FILE = PhoneCalling/Info.plist;
				LD_RUNPATH_SEARCH_PATHS = (
					"$(inherited)",
					"@executable_path/Frameworks",
				);
				PRODUCT_BUNDLE_IDENTIFIER = com.App.PhoneCalling;
				PRODUCT_NAME = "$(TARGET_NAME)";
				SWIFT_VERSION = 5.0;
				TARGETED_DEVICE_FAMILY = "1,2";
			};
			name = Debug;
		};
		28FB5DBA2705B8080022351D /* Release */ = {
			isa = XCBuildConfiguration;
			buildSettings = {
				ASSETCATALOG_COMPILER_APPICON_NAME = AppIcon;
				ASSETCATALOG_COMPILER_GLOBAL_ACCENT_COLOR_NAME = AccentColor;
				CODE_SIGN_STYLE = Automatic;
				INFOPLIST_FILE = PhoneCalling/Info.plist;
				LD_RUNPATH_SEARCH_PATHS = (
					"$(inherited)",
					"@executable_path/Frameworks",
				);
				PRODUCT_BUNDLE_IDENTIFIER = com.App.PhoneCalling;
				PRODUCT_NAME = "$(TARGET_NAME)";
				SWIFT_VERSION = 5.0;
				TARGETED_DEVICE_FAMILY = "1,2";
			};
			name = Release;
		};
		28FB5DBC2705B8080022351D /* Debug */ = {
			isa = XCBuildConfiguration;
			buildSettings = {
				ALWAYS_EMBED_SWIFT_STANDARD_LIBRARIES = YES;
				BUNDLE_LOADER = "$(TEST_HOST)";
				CODE_SIGN_STYLE = Automatic;
				INFOPLIST_FILE = PhoneCallingTests/Info.plist;
				IPHONEOS_DEPLOYMENT_TARGET = 14.3;
				LD_RUNPATH_SEARCH_PATHS = (
					"$(inherited)",
					"@executable_path/Frameworks",
					"@loader_path/Frameworks",
				);
				PRODUCT_BUNDLE_IDENTIFIER = com.App.PhoneCallingTests;
				PRODUCT_NAME = "$(TARGET_NAME)";
				SWIFT_VERSION = 5.0;
				TARGETED_DEVICE_FAMILY = "1,2";
				TEST_HOST = "$(BUILT_PRODUCTS_DIR)/PhoneCalling.app/PhoneCalling";
			};
			name = Debug;
		};
		28FB5DBD2705B8080022351D /* Release */ = {
			isa = XCBuildConfiguration;
			buildSettings = {
				ALWAYS_EMBED_SWIFT_STANDARD_LIBRARIES = YES;
				BUNDLE_LOADER = "$(TEST_HOST)";
				CODE_SIGN_STYLE = Automatic;
				INFOPLIST_FILE = PhoneCallingTests/Info.plist;
				IPHONEOS_DEPLOYMENT_TARGET = 14.3;
				LD_RUNPATH_SEARCH_PATHS = (
					"$(inherited)",
					"@executable_path/Frameworks",
					"@loader_path/Frameworks",
				);
				PRODUCT_BUNDLE_IDENTIFIER = com.App.PhoneCallingTests;
				PRODUCT_NAME = "$(TARGET_NAME)";
				SWIFT_VERSION = 5.0;
				TARGETED_DEVICE_FAMILY = "1,2";
				TEST_HOST = "$(BUILT_PRODUCTS_DIR)/PhoneCalling.app/PhoneCalling";
			};
			name = Release;
		};
		28FB5DBF2705B8080022351D /* Debug */ = {
			isa = XCBuildConfiguration;
			buildSettings = {
				ALWAYS_EMBED_SWIFT_STANDARD_LIBRARIES = YES;
				CODE_SIGN_STYLE = Automatic;
				INFOPLIST_FILE = PhoneCallingUITests/Info.plist;
				LD_RUNPATH_SEARCH_PATHS = (
					"$(inherited)",
					"@executable_path/Frameworks",
					"@loader_path/Frameworks",
				);
				PRODUCT_BUNDLE_IDENTIFIER = com.App.PhoneCallingUITests;
				PRODUCT_NAME = "$(TARGET_NAME)";
				SWIFT_VERSION = 5.0;
				TARGETED_DEVICE_FAMILY = "1,2";
				TEST_TARGET_NAME = PhoneCalling;
			};
			name = Debug;
		};
		28FB5DC02705B8080022351D /* Release */ = {
			isa = XCBuildConfiguration;
			buildSettings = {
				ALWAYS_EMBED_SWIFT_STANDARD_LIBRARIES = YES;
				CODE_SIGN_STYLE = Automatic;
				INFOPLIST_FILE = PhoneCallingUITests/Info.plist;
				LD_RUNPATH_SEARCH_PATHS = (
					"$(inherited)",
					"@executable_path/Frameworks",
					"@loader_path/Frameworks",
				);
				PRODUCT_BUNDLE_IDENTIFIER = com.App.PhoneCallingUITests;
				PRODUCT_NAME = "$(TARGET_NAME)";
				SWIFT_VERSION = 5.0;
				TARGETED_DEVICE_FAMILY = "1,2";
				TEST_TARGET_NAME = PhoneCalling;
			};
			name = Release;
		};
/* End XCBuildConfiguration section */

/* Begin XCConfigurationList section */
		28FB5D862705B7FE0022351D /* Build configuration list for PBXProject "PhoneCalling" */ = {
			isa = XCConfigurationList;
			buildConfigurations = (
				28FB5DB62705B8080022351D /* Debug */,
				28FB5DB72705B8080022351D /* Release */,
			);
			defaultConfigurationIsVisible = 0;
			defaultConfigurationName = Release;
		};
		28FB5DB82705B8080022351D /* Build configuration list for PBXNativeTarget "PhoneCalling" */ = {
			isa = XCConfigurationList;
			buildConfigurations = (
				28FB5DB92705B8080022351D /* Debug */,
				28FB5DBA2705B8080022351D /* Release */,
			);
			defaultConfigurationIsVisible = 0;
			defaultConfigurationName = Release;
		};
		28FB5DBB2705B8080022351D /* Build configuration list for PBXNativeTarget "PhoneCallingTests" */ = {
			isa = XCConfigurationList;
			buildConfigurations = (
				28FB5DBC2705B8080022351D /* Debug */,
				28FB5DBD2705B8080022351D /* Release */,
			);
			defaultConfigurationIsVisible = 0;
			defaultConfigurationName = Release;
		};
		28FB5DBE2705B8080022351D /* Build configuration list for PBXNativeTarget "PhoneCallingUITests" */ = {
			isa = XCConfigurationList;
			buildConfigurations = (
				28FB5DBF2705B8080022351D /* Debug */,
				28FB5DC02705B8080022351D /* Release */,
			);
			defaultConfigurationIsVisible = 0;
			defaultConfigurationName = Release;
		};
/* End XCConfigurationList section */

/* Begin XCVersionGroup section */
		28FB5D972705B7FE0022351D /* PhoneCalling.xcdatamodeld */ = {
			isa = XCVersionGroup;
			children = (
				28FB5D982705B7FE0022351D /* PhoneCalling.xcdatamodel */,
			);
			currentVersion = 28FB5D982705B7FE0022351D /* PhoneCalling.xcdatamodel */;
			path = PhoneCalling.xcdatamodeld;
			sourceTree = "<group>";
			versionGroupType = wrapper.xcdatamodel;
		};
/* End XCVersionGroup section */
	};
	rootObject = 28FB5D832705B7FE0022351D /* Project object */;
}
